
Microsoft Visual Studio Solution File, Format Version 12.00
# Visual Studio Version 16
VisualStudioVersion = 16.0.31105.61
MinimumVisualStudioVersion = 10.0.40219.1
Project("{FAE04EC0-301F-11D3-BF4B-00C04F79EFBC}") = "ClassMetotDemo", "ClassMetotDemo\ClassMetotDemo.csproj", "{2EB1FA6F-0CB6-439D-82FA-C299CB4CBB7D}"
EndProject
Global
	GlobalSection(SolutionConfigurationPlatforms) = preSolution
		Debug|Any CPU = Debug|Any CPU
		Release|Any CPU = Release|Any CPU
	EndGlobalSection
	GlobalSection(ProjectConfigurationPlatforms) = postSolution
		{2EB1FA6F-0CB6-439D-82FA-C299CB4CBB7D}.Debug|Any CPU.ActiveCfg = Debug|Any CPU
		{2EB1FA6F-0CB6-439D-82FA-C299CB4CBB7D}.Debug|Any CPU.Build.0 = Debug|Any CPU
		{2EB1FA6F-0CB6-439D-82FA-C299CB4CBB7D}.Release|Any CPU.ActiveCfg = Release|Any CPU
		{2EB1FA6F-0CB6-439D-82FA-C299CB4CBB7D}.Release|Any CPU.Build.0 = Release|Any CPU
	EndGlobalSection
	GlobalSection(SolutionProperties) = preSolution
		HideSolutionNode = FALSE
	EndGlobalSection
	GlobalSection(ExtensibilityGlobals) = postSolution
		SolutionGuid = {A826D00D-9300-4CB4-BCCC-EC8CED4F4687}
	EndGlobalSection
EndGlobal
